
Microsoft Visual Studio Solution File, Format Version 12.00
# Visual Studio 15
Project("{FAE04EC0-301F-11D3-BF4B-00C04F79EFBC}") = "Assembly-CSharp", "Assembly-CSharp.csproj", "{43E5BA47-F16A-F3C2-5D4B-9E77A7036393}"
EndProject
Project("{FAE04EC0-301F-11D3-BF4B-00C04F79EFBC}") = "Assembly-CSharp-Editor", "Assembly-CSharp-Editor.csproj", "{4441A148-784E-AE33-3C79-BBB497C0BAA1}"
EndProject
Global
	GlobalSection(SolutionConfigurationPlatforms) = preSolution
		Debug|Any CPU = Debug|Any CPU
		Release|Any CPU = Release|Any CPU
	EndGlobalSection
	GlobalSection(ProjectConfigurationPlatforms) = postSolution
		{43E5BA47-F16A-F3C2-5D4B-9E77A7036393}.Debug|Any CPU.ActiveCfg = Debug|Any CPU
		{43E5BA47-F16A-F3C2-5D4B-9E77A7036393}.Debug|Any CPU.Build.0 = Debug|Any CPU
		{43E5BA47-F16A-F3C2-5D4B-9E77A7036393}.Release|Any CPU.ActiveCfg = Release|Any CPU
		{43E5BA47-F16A-F3C2-5D4B-9E77A7036393}.Release|Any CPU.Build.0 = Release|Any CPU
		{4441A148-784E-AE33-3C79-BBB497C0BAA1}.Debug|Any CPU.ActiveCfg = Debug|Any CPU
		{4441A148-784E-AE33-3C79-BBB497C0BAA1}.Debug|Any CPU.Build.0 = Debug|Any CPU
		{4441A148-784E-AE33-3C79-BBB497C0BAA1}.Release|Any CPU.ActiveCfg = Release|Any CPU
		{4441A148-784E-AE33-3C79-BBB497C0BAA1}.Release|Any CPU.Build.0 = Release|Any CPU
	EndGlobalSection
	GlobalSection(SolutionProperties) = preSolution
		HideSolutionNode = FALSE
	EndGlobalSection
EndGlobal
